
Microsoft Visual Studio Solution File, Format Version 12.00
# Visual Studio 14
VisualStudioVersion = 14.0.25420.1
MinimumVisualStudioVersion = 10.0.40219.1
Project("{2150E333-8FDC-42A3-9474-1A3956D46DE8}") = "src", "src", "{FEED13D9-C881-407F-A945-7555704789C0}"
EndProject
Project("{FAE04EC0-301F-11D3-BF4B-00C04F79EFBC}") = "VSSetup.PowerShell", "src\VSSetup.PowerShell\VSSetup.PowerShell.csproj", "{F77937D9-8B7C-46AC-80D3-DFDE39EB3279}"
EndProject
Project("{FAE04EC0-301F-11D3-BF4B-00C04F79EFBC}") = "VSSetup.PowerShell.Test", "test\VSSetup.PowerShell.Test\VSSetup.PowerShell.Test.csproj", "{ED12C009-A3E6-4F22-999A-FCA8C84DB41A}"
EndProject
Project("{2150E333-8FDC-42A3-9474-1A3956D46DE8}") = "test", "test", "{73C57796-F1DD-49D8-9A5D-9F58764C0078}"
EndProject
Project("{2150E333-8FDC-42A3-9474-1A3956D46DE8}") = "Solution Items", "Solution Items", "{9AD110B9-8C98-4003-A4DE-EDA52337735D}"
	ProjectSection(SolutionItems) = preProject
		LICENSE.txt = LICENSE.txt
		README.md = README.md
	EndProjectSection
EndProject
Global
	GlobalSection(SolutionConfigurationPlatforms) = preSolution
		Debug|Any CPU = Debug|Any CPU
		Release|Any CPU = Release|Any CPU
	EndGlobalSection
	GlobalSection(ProjectConfigurationPlatforms) = postSolution
		{F77937D9-8B7C-46AC-80D3-DFDE39EB3279}.Debug|Any CPU.ActiveCfg = Debug|Any CPU
		{F77937D9-8B7C-46AC-80D3-DFDE39EB3279}.Debug|Any CPU.Build.0 = Debug|Any CPU
		{F77937D9-8B7C-46AC-80D3-DFDE39EB3279}.Release|Any CPU.ActiveCfg = Release|Any CPU
		{F77937D9-8B7C-46AC-80D3-DFDE39EB3279}.Release|Any CPU.Build.0 = Release|Any CPU
		{ED12C009-A3E6-4F22-999A-FCA8C84DB41A}.Debug|Any CPU.ActiveCfg = Debug|Any CPU
		{ED12C009-A3E6-4F22-999A-FCA8C84DB41A}.Debug|Any CPU.Build.0 = Debug|Any CPU
		{ED12C009-A3E6-4F22-999A-FCA8C84DB41A}.Release|Any CPU.ActiveCfg = Release|Any CPU
		{ED12C009-A3E6-4F22-999A-FCA8C84DB41A}.Release|Any CPU.Build.0 = Release|Any CPU
	EndGlobalSection
	GlobalSection(SolutionProperties) = preSolution
		HideSolutionNode = FALSE
	EndGlobalSection
	GlobalSection(NestedProjects) = preSolution
		{F77937D9-8B7C-46AC-80D3-DFDE39EB3279} = {FEED13D9-C881-407F-A945-7555704789C0}
		{ED12C009-A3E6-4F22-999A-FCA8C84DB41A} = {73C57796-F1DD-49D8-9A5D-9F58764C0078}
	EndGlobalSection
EndGlobal
